<?xml version="1.0" encoding="utf-8"?>
<Project ToolsVersion="4.0" xmlns="http://schemas.microsoft.com/developer/msbuild/2003">
  <ItemGroup>
    <ClCompile Include="lbuf.c" />
    <ClCompile Include="proto.c" />
  </ItemGroup>
  <ItemGroup>
    <ClInclude Include="lbuf.h" />
    <ClInclude Include="luaconf.h">
      <Filter>lua</Filter>
    </ClInclude>
    <ClInclude Include="lua.h">
      <Filter>lua</Filter>
    </ClInclude>
    <ClInclude Include="lualib.h">
      <Filter>lua</Filter>
    </ClInclude>
    <ClInclude Include="lauxlib.h">
      <Filter>lua</Filter>
    </ClInclude>
  </ItemGroup>
  <ItemGroup>
    <Filter Include="lua">
      <UniqueIdentifier>{de299558-684f-4088-ab3c-5ebffe7a8dbd}</UniqueIdentifier>
    </Filter>
  </ItemGroup>
</Project>