
Microsoft Visual Studio Solution File, Format Version 12.00
# Visual Studio 2013
VisualStudioVersion = 12.0.40629.0
MinimumVisualStudioVersion = 10.0.40219.1
Project("{FAE04EC0-301F-11D3-BF4B-00C04F79EFBC}") = "plugin-cpp", "plugin-cpp\plugin-cpp.csproj", "{C345E411-D037-45C2-A221-F6CCB19CBA9C}"
EndProject
Project("{FAE04EC0-301F-11D3-BF4B-00C04F79EFBC}") = "plugin-lua", "plugin-lua\plugin-lua.csproj", "{1C45F5FC-3E8B-44D5-9BED-AE48D78A9C18}"
EndProject
Project("{FAE04EC0-301F-11D3-BF4B-00C04F79EFBC}") = "proto", "proto\proto.csproj", "{A24AB500-5C09-483A-925C-5F7F3742AE7B}"
EndProject
Project("{FAE04EC0-301F-11D3-BF4B-00C04F79EFBC}") = "proto-tool", "proto-tool\proto-tool.csproj", "{5FCD3BD5-9AE9-49EB-99DF-9FD79379EDCC}"
EndProject
Project("{FAE04EC0-301F-11D3-BF4B-00C04F79EFBC}") = "plugin-csharp", "plugin-csharp\plugin-csharp.csproj", "{F7275F71-1FF9-432A-B19F-578C72F58BAD}"
EndProject
Project("{8BC9CEB8-8B4A-11D0-8D11-00A0C91BC942}") = "proto-cpp", "lib-cpp\proto-cpp.vcxproj", "{4A9B274D-183C-4966-AF5C-77B2807D198A}"
EndProject
Project("{FAE04EC0-301F-11D3-BF4B-00C04F79EFBC}") = "proto-cs", "lib-csharp\proto-cs.csproj", "{9D23BFB9-CA69-4E79-9F7E-775CFEF74447}"
EndProject
Project("{8BC9CEB8-8B4A-11D0-8D11-00A0C91BC942}") = "proto-lua", "lib-lua\proto-lua.vcxproj", "{43CE4F83-94FC-4C58-81D4-36BFFFC5B125}"
EndProject
Global
	GlobalSection(SolutionConfigurationPlatforms) = preSolution
		Debug|Any CPU = Debug|Any CPU
		Debug|Mixed Platforms = Debug|Mixed Platforms
		Debug|Win32 = Debug|Win32
		Release|Any CPU = Release|Any CPU
		Release|Mixed Platforms = Release|Mixed Platforms
		Release|Win32 = Release|Win32
	EndGlobalSection
	GlobalSection(ProjectConfigurationPlatforms) = postSolution
		{C345E411-D037-45C2-A221-F6CCB19CBA9C}.Debug|Any CPU.ActiveCfg = Debug|Any CPU
		{C345E411-D037-45C2-A221-F6CCB19CBA9C}.Debug|Any CPU.Build.0 = Debug|Any CPU
		{C345E411-D037-45C2-A221-F6CCB19CBA9C}.Debug|Mixed Platforms.ActiveCfg = Debug|Any CPU
		{C345E411-D037-45C2-A221-F6CCB19CBA9C}.Debug|Mixed Platforms.Build.0 = Debug|Any CPU
		{C345E411-D037-45C2-A221-F6CCB19CBA9C}.Debug|Win32.ActiveCfg = Debug|Any CPU
		{C345E411-D037-45C2-A221-F6CCB19CBA9C}.Release|Any CPU.ActiveCfg = Release|Any CPU
		{C345E411-D037-45C2-A221-F6CCB19CBA9C}.Release|Any CPU.Build.0 = Release|Any CPU
		{C345E411-D037-45C2-A221-F6CCB19CBA9C}.Release|Mixed Platforms.ActiveCfg = Release|Any CPU
		{C345E411-D037-45C2-A221-F6CCB19CBA9C}.Release|Mixed Platforms.Build.0 = Release|Any CPU
		{C345E411-D037-45C2-A221-F6CCB19CBA9C}.Release|Win32.ActiveCfg = Release|Any CPU
		{1C45F5FC-3E8B-44D5-9BED-AE48D78A9C18}.Debug|Any CPU.ActiveCfg = Debug|Any CPU
		{1C45F5FC-3E8B-44D5-9BED-AE48D78A9C18}.Debug|Any CPU.Build.0 = Debug|Any CPU
		{1C45F5FC-3E8B-44D5-9BED-AE48D78A9C18}.Debug|Mixed Platforms.ActiveCfg = Debug|Any CPU
		{1C45F5FC-3E8B-44D5-9BED-AE48D78A9C18}.Debug|Mixed Platforms.Build.0 = Debug|Any CPU
		{1C45F5FC-3E8B-44D5-9BED-AE48D78A9C18}.Debug|Win32.ActiveCfg = Debug|Any CPU
		{1C45F5FC-3E8B-44D5-9BED-AE48D78A9C18}.Release|Any CPU.ActiveCfg = Release|Any CPU
		{1C45F5FC-3E8B-44D5-9BED-AE48D78A9C18}.Release|Any CPU.Build.0 = Release|Any CPU
		{1C45F5FC-3E8B-44D5-9BED-AE48D78A9C18}.Release|Mixed Platforms.ActiveCfg = Release|Any CPU
		{1C45F5FC-3E8B-44D5-9BED-AE48D78A9C18}.Release|Mixed Platforms.Build.0 = Release|Any CPU
		{1C45F5FC-3E8B-44D5-9BED-AE48D78A9C18}.Release|Win32.ActiveCfg = Release|Any CPU
		{A24AB500-5C09-483A-925C-5F7F3742AE7B}.Debug|Any CPU.ActiveCfg = Debug|Any CPU
		{A24AB500-5C09-483A-925C-5F7F3742AE7B}.Debug|Any CPU.Build.0 = Debug|Any CPU
		{A24AB500-5C09-483A-925C-5F7F3742AE7B}.Debug|Mixed Platforms.ActiveCfg = Debug|Any CPU
		{A24AB500-5C09-483A-925C-5F7F3742AE7B}.Debug|Mixed Platforms.Build.0 = Debug|Any CPU
		{A24AB500-5C09-483A-925C-5F7F3742AE7B}.Debug|Win32.ActiveCfg = Debug|Any CPU
		{A24AB500-5C09-483A-925C-5F7F3742AE7B}.Release|Any CPU.ActiveCfg = Release|Any CPU
		{A24AB500-5C09-483A-925C-5F7F3742AE7B}.Release|Any CPU.Build.0 = Release|Any CPU
		{A24AB500-5C09-483A-925C-5F7F3742AE7B}.Release|Mixed Platforms.ActiveCfg = Release|Any CPU
		{A24AB500-5C09-483A-925C-5F7F3742AE7B}.Release|Mixed Platforms.Build.0 = Release|Any CPU
		{A24AB500-5C09-483A-925C-5F7F3742AE7B}.Release|Win32.ActiveCfg = Release|Any CPU
		{5FCD3BD5-9AE9-49EB-99DF-9FD79379EDCC}.Debug|Any CPU.ActiveCfg = Debug|Any CPU
		{5FCD3BD5-9AE9-49EB-99DF-9FD79379EDCC}.Debug|Any CPU.Build.0 = Debug|Any CPU
		{5FCD3BD5-9AE9-49EB-99DF-9FD79379EDCC}.Debug|Mixed Platforms.ActiveCfg = Debug|Any CPU
		{5FCD3BD5-9AE9-49EB-99DF-9FD79379EDCC}.Debug|Mixed Platforms.Build.0 = Debug|Any CPU
		{5FCD3BD5-9AE9-49EB-99DF-9FD79379EDCC}.Debug|Win32.ActiveCfg = Debug|Any CPU
		{5FCD3BD5-9AE9-49EB-99DF-9FD79379EDCC}.Release|Any CPU.ActiveCfg = Release|Any CPU
		{5FCD3BD5-9AE9-49EB-99DF-9FD79379EDCC}.Release|Any CPU.Build.0 = Release|Any CPU
		{5FCD3BD5-9AE9-49EB-99DF-9FD79379EDCC}.Release|Mixed Platforms.ActiveCfg = Release|Any CPU
		{5FCD3BD5-9AE9-49EB-99DF-9FD79379EDCC}.Release|Mixed Platforms.Build.0 = Release|Any CPU
		{5FCD3BD5-9AE9-49EB-99DF-9FD79379EDCC}.Release|Win32.ActiveCfg = Release|Any CPU
		{F7275F71-1FF9-432A-B19F-578C72F58BAD}.Debug|Any CPU.ActiveCfg = Debug|Any CPU
		{F7275F71-1FF9-432A-B19F-578C72F58BAD}.Debug|Any CPU.Build.0 = Debug|Any CPU
		{F7275F71-1FF9-432A-B19F-578C72F58BAD}.Debug|Mixed Platforms.ActiveCfg = Debug|Any CPU
		{F7275F71-1FF9-432A-B19F-578C72F58BAD}.Debug|Mixed Platforms.Build.0 = Debug|Any CPU
		{F7275F71-1FF9-432A-B19F-578C72F58BAD}.Debug|Win32.ActiveCfg = Debug|Any CPU
		{F7275F71-1FF9-432A-B19F-578C72F58BAD}.Release|Any CPU.ActiveCfg = Release|Any CPU
		{F7275F71-1FF9-432A-B19F-578C72F58BAD}.Release|Any CPU.Build.0 = Release|Any CPU
		{F7275F71-1FF9-432A-B19F-578C72F58BAD}.Release|Mixed Platforms.ActiveCfg = Release|Any CPU
		{F7275F71-1FF9-432A-B19F-578C72F58BAD}.Release|Mixed Platforms.Build.0 = Release|Any CPU
		{F7275F71-1FF9-432A-B19F-578C72F58BAD}.Release|Win32.ActiveCfg = Release|Any CPU
		{4A9B274D-183C-4966-AF5C-77B2807D198A}.Debug|Any CPU.ActiveCfg = Debug|Win32
		{4A9B274D-183C-4966-AF5C-77B2807D198A}.Debug|Mixed Platforms.ActiveCfg = Debug|Win32
		{4A9B274D-183C-4966-AF5C-77B2807D198A}.Debug|Mixed Platforms.Build.0 = Debug|Win32
		{4A9B274D-183C-4966-AF5C-77B2807D198A}.Debug|Win32.ActiveCfg = Debug|Win32
		{4A9B274D-183C-4966-AF5C-77B2807D198A}.Debug|Win32.Build.0 = Debug|Win32
		{4A9B274D-183C-4966-AF5C-77B2807D198A}.Release|Any CPU.ActiveCfg = Release|Win32
		{4A9B274D-183C-4966-AF5C-77B2807D198A}.Release|Mixed Platforms.ActiveCfg = Release|Win32
		{4A9B274D-183C-4966-AF5C-77B2807D198A}.Release|Mixed Platforms.Build.0 = Release|Win32
		{4A9B274D-183C-4966-AF5C-77B2807D198A}.Release|Win32.ActiveCfg = Release|Win32
		{4A9B274D-183C-4966-AF5C-77B2807D198A}.Release|Win32.Build.0 = Release|Win32
		{9D23BFB9-CA69-4E79-9F7E-775CFEF74447}.Debug|Any CPU.ActiveCfg = Debug|Any CPU
		{9D23BFB9-CA69-4E79-9F7E-775CFEF74447}.Debug|Any CPU.Build.0 = Debug|Any CPU
		{9D23BFB9-CA69-4E79-9F7E-775CFEF74447}.Debug|Mixed Platforms.ActiveCfg = Debug|Any CPU
		{9D23BFB9-CA69-4E79-9F7E-775CFEF74447}.Debug|Mixed Platforms.Build.0 = Debug|Any CPU
		{9D23BFB9-CA69-4E79-9F7E-775CFEF74447}.Debug|Win32.ActiveCfg = Debug|Any CPU
		{9D23BFB9-CA69-4E79-9F7E-775CFEF74447}.Release|Any CPU.ActiveCfg = Release|Any CPU
		{9D23BFB9-CA69-4E79-9F7E-775CFEF74447}.Release|Any CPU.Build.0 = Release|Any CPU
		{9D23BFB9-CA69-4E79-9F7E-775CFEF74447}.Release|Mixed Platforms.ActiveCfg = Release|Any CPU
		{9D23BFB9-CA69-4E79-9F7E-775CFEF74447}.Release|Mixed Platforms.Build.0 = Release|Any CPU
		{9D23BFB9-CA69-4E79-9F7E-775CFEF74447}.Release|Win32.ActiveCfg = Release|Any CPU
		{43CE4F83-94FC-4C58-81D4-36BFFFC5B125}.Debug|Any CPU.ActiveCfg = Debug|Win32
		{43CE4F83-94FC-4C58-81D4-36BFFFC5B125}.Debug|Mixed Platforms.ActiveCfg = Debug|Win32
		{43CE4F83-94FC-4C58-81D4-36BFFFC5B125}.Debug|Mixed Platforms.Build.0 = Debug|Win32
		{43CE4F83-94FC-4C58-81D4-36BFFFC5B125}.Debug|Win32.ActiveCfg = Debug|Win32
		{43CE4F83-94FC-4C58-81D4-36BFFFC5B125}.Debug|Win32.Build.0 = Debug|Win32
		{43CE4F83-94FC-4C58-81D4-36BFFFC5B125}.Release|Any CPU.ActiveCfg = Release|Win32
		{43CE4F83-94FC-4C58-81D4-36BFFFC5B125}.Release|Mixed Platforms.ActiveCfg = Release|Win32
		{43CE4F83-94FC-4C58-81D4-36BFFFC5B125}.Release|Mixed Platforms.Build.0 = Release|Win32
		{43CE4F83-94FC-4C58-81D4-36BFFFC5B125}.Release|Win32.ActiveCfg = Release|Win32
		{43CE4F83-94FC-4C58-81D4-36BFFFC5B125}.Release|Win32.Build.0 = Release|Win32
	EndGlobalSection
	GlobalSection(SolutionProperties) = preSolution
		HideSolutionNode = FALSE
	EndGlobalSection
EndGlobal
